<Solution>
  <Project Path="AoC1/AoC1.csproj" />
  <Project Path="AoC1b/AoC1b.csproj" />
  <Project Path="AoC2a/AoC2a.csproj" Id="ce657d23-b4fe-4563-a8b3-0d4d3686e33f" />
  <Project Path="AoC2b/AoC2b.csproj" Id="7c614d33-6fef-4b76-a11a-db64aacd4edb" />
  <Project Path="AofC3a/AofC3a.csproj" Id="c678b4ef-e236-4a29-bffe-5b827150263f" />
  <Project Path="AofC3b/AofC3b.csproj" Id="6851b2df-12b2-4ea4-a9e1-ad37603434a9" />
  <Project Path="AofC4a/AofC4a.csproj" Id="342f3c55-3344-43a5-ae78-91636fd0a04a" />
  <Project Path="AofC4b/AofC4b.csproj" Id="7441d64c-7e12-4157-8291-dd4490208a41" />
  <Project Path="AofC5a/AofC5a.csproj" Id="0552da29-f666-4e81-8810-be4825f76000" />
  <Project Path="AofC5b/AofC5b.csproj" Id="75227de9-3ea6-42e3-a5cf-efea5a8542f3" />
  <Project Path="AofC6a/AofC6a.csproj" Id="c6eb0aef-5c19-45aa-bc11-2166f08776ce" />
  <Project Path="AofC6b/AofC6b.csproj" Id="6a1b359f-b2a8-4835-80ee-e49478e941c1" />
</Solution>
